Microsoft Visual Studio Solution File, Format Version 9.00
# Visual Studio 2005
Project("{8BC9CEB8-8B4A-11D0-8D11-00A0C91BC942}") = "malariaModel", "malariaModel2005C++.vcproj", "{AF51EAB3-3474-4123-AEA1-729E0AB3670A}"
EndProject
Project("{8BC9CEB8-8B4A-11D0-8D11-00A0C91BC942}") = "malariaModelBOINC", "malariaModel2005C++BOINC.vcproj", "{76910420-B336-468B-8B89-B5D62D71B2F3}"
EndProject
Global
	GlobalSection(SolutionConfigurationPlatforms) = preSolution
		Debug|Win32 = Debug|Win32
		Release|Win32 = Release|Win32
	EndGlobalSection
	GlobalSection(ProjectConfigurationPlatforms) = postSolution
		{AF51EAB3-3474-4123-AEA1-729E0AB3670A}.Debug|Win32.ActiveCfg = Debug|Win32
		{AF51EAB3-3474-4123-AEA1-729E0AB3670A}.Debug|Win32.Build.0 = Debug|Win32
		{AF51EAB3-3474-4123-AEA1-729E0AB3670A}.Release|Win32.ActiveCfg = Release|Win32
		{AF51EAB3-3474-4123-AEA1-729E0AB3670A}.Release|Win32.Build.0 = Release|Win32
		{76910420-B336-468B-8B89-B5D62D71B2F3}.Debug|Win32.ActiveCfg = Debug|Win32
		{76910420-B336-468B-8B89-B5D62D71B2F3}.Debug|Win32.Build.0 = Debug|Win32
		{76910420-B336-468B-8B89-B5D62D71B2F3}.Release|Win32.ActiveCfg = Release|Win32
		{76910420-B336-468B-8B89-B5D62D71B2F3}.Release|Win32.Build.0 = Release|Win32
	EndGlobalSection
	GlobalSection(SolutionProperties) = preSolution
		HideSolutionNode = FALSE
	EndGlobalSection
EndGlobal
