// !$*UTF8*$!
{
	archiveVersion = 1;
	classes = {
	};
	objectVersion = 44;
	objects = {

/* Begin PBXBuildFile section */
		446629C40FFB5C6D0091955C /* BoincWrapper.cpp in Sources */ = {isa = PBXBuildFile; fileRef = 446629550FFB5C6D0091955C /* BoincWrapper.cpp */; };
		446629C50FFB5C6D0091955C /* boincWrapper.o in Frameworks */ = {isa = PBXBuildFile; fileRef = 446629560FFB5C6D0091955C /* boincWrapper.o */; };
		446629C60FFB5C6D0091955C /* CaseManagementModel.o in Frameworks */ = {isa = PBXBuildFile; fileRef = 446629570FFB5C6D0091955C /* CaseManagementModel.o */; };
		446629C70FFB5C6D0091955C /* ClinicalModel.cpp in Sources */ = {isa = PBXBuildFile; fileRef = 446629590FFB5C6D0091955C /* ClinicalModel.cpp */; };
		446629C80FFB5C6D0091955C /* event.cpp in Sources */ = {isa = PBXBuildFile; fileRef = 4466295A0FFB5C6D0091955C /* event.cpp */; };
		446629C90FFB5C6D0091955C /* EventScheduler.cpp in Sources */ = {isa = PBXBuildFile; fileRef = 4466295B0FFB5C6D0091955C /* EventScheduler.cpp */; };
		446629CA0FFB5C6D0091955C /* ImmediateOutcomes.cpp in Sources */ = {isa = PBXBuildFile; fileRef = 4466295C0FFB5C6D0091955C /* ImmediateOutcomes.cpp */; };
		446629CB0FFB5C6D0091955C /* OldCaseManagement.cpp in Sources */ = {isa = PBXBuildFile; fileRef = 4466295F0FFB5C6D0091955C /* OldCaseManagement.cpp */; };
		446629CC0FFB5C6D0091955C /* drug.cpp in Sources */ = {isa = PBXBuildFile; fileRef = 446629610FFB5C6D0091955C /* drug.cpp */; };
		446629CD0FFB5C6D0091955C /* DrugModel.cpp in Sources */ = {isa = PBXBuildFile; fileRef = 446629620FFB5C6D0091955C /* DrugModel.cpp */; };
		446629CE0FFB5C6D0091955C /* PkPdDrug.cpp in Sources */ = {isa = PBXBuildFile; fileRef = 446629650FFB5C6D0091955C /* PkPdDrug.cpp */; };
		446629CF0FFB5C6D0091955C /* drug.o in Frameworks */ = {isa = PBXBuildFile; fileRef = 446629660FFB5C6D0091955C /* drug.o */; };
		446629D00FFB5C6D0091955C /* EntoIntervention.cpp in Sources */ = {isa = PBXBuildFile; fileRef = 446629670FFB5C6D0091955C /* EntoIntervention.cpp */; };
		446629D10FFB5C6D0091955C /* EntoIntervention.o in Frameworks */ = {isa = PBXBuildFile; fileRef = 446629680FFB5C6D0091955C /* EntoIntervention.o */; };
		446629D20FFB5C6D0091955C /* event.o in Frameworks */ = {isa = PBXBuildFile; fileRef = 446629690FFB5C6D0091955C /* event.o */; };
		446629D30FFB5C6D0091955C /* global.cpp in Sources */ = {isa = PBXBuildFile; fileRef = 4466296A0FFB5C6D0091955C /* global.cpp */; };
		446629D40FFB5C6D0091955C /* global.o in Frameworks */ = {isa = PBXBuildFile; fileRef = 4466296B0FFB5C6D0091955C /* global.o */; };
		446629D50FFB5C6D0091955C /* GSLWrapper.cpp in Sources */ = {isa = PBXBuildFile; fileRef = 4466296C0FFB5C6D0091955C /* GSLWrapper.cpp */; };
		446629D60FFB5C6D0091955C /* GSLWrapper.o in Frameworks */ = {isa = PBXBuildFile; fileRef = 4466296D0FFB5C6D0091955C /* GSLWrapper.o */; };
		446629D70FFB5C6D0091955C /* gzstream.C in Sources */ = {isa = PBXBuildFile; fileRef = 4466296E0FFB5C6D0091955C /* gzstream.C */; };
		446629D80FFB5C6D0091955C /* human.cpp in Sources */ = {isa = PBXBuildFile; fileRef = 4466296F0FFB5C6D0091955C /* human.cpp */; };
		446629D90FFB5C6D0091955C /* human.o in Frameworks */ = {isa = PBXBuildFile; fileRef = 446629700FFB5C6D0091955C /* human.o */; };
		446629DA0FFB5C6D0091955C /* InfectionIncidenceModel.cpp in Sources */ = {isa = PBXBuildFile; fileRef = 446629710FFB5C6D0091955C /* InfectionIncidenceModel.cpp */; };
		446629DB0FFB5C6D0091955C /* intervention.cpp in Sources */ = {isa = PBXBuildFile; fileRef = 446629720FFB5C6D0091955C /* intervention.cpp */; };
		446629DC0FFB5C6D0091955C /* intervention.o in Frameworks */ = {isa = PBXBuildFile; fileRef = 446629730FFB5C6D0091955C /* intervention.o */; };
		446629DD0FFB5C6D0091955C /* Makefile in Sources */ = {isa = PBXBuildFile; fileRef = 446629740FFB5C6D0091955C /* Makefile */; };
		446629DE0FFB5C6D0091955C /* NewCaseManagement.o in Frameworks */ = {isa = PBXBuildFile; fileRef = 446629770FFB5C6D0091955C /* NewCaseManagement.o */; };
		446629DF0FFB5C6D0091955C /* noVectorControl.o in Frameworks */ = {isa = PBXBuildFile; fileRef = 446629780FFB5C6D0091955C /* noVectorControl.o */; };
		446629E00FFB5C6D0091955C /* OldCaseManagement.o in Frameworks */ = {isa = PBXBuildFile; fileRef = 446629790FFB5C6D0091955C /* OldCaseManagement.o */; };
		446629E10FFB5C6D0091955C /* openMalaria.cpp in Sources */ = {isa = PBXBuildFile; fileRef = 4466297B0FFB5C6D0091955C /* openMalaria.cpp */; };
		446629E20FFB5C6D0091955C /* openMalaria.o in Frameworks */ = {isa = PBXBuildFile; fileRef = 4466297C0FFB5C6D0091955C /* openMalaria.o */; };
		446629E30FFB5C6D0091955C /* Mueller.cpp in Sources */ = {isa = PBXBuildFile; fileRef = 446629800FFB5C6D0091955C /* Mueller.cpp */; };
		446629E40FFB5C6D0091955C /* PathogenesisModel.cpp in Sources */ = {isa = PBXBuildFile; fileRef = 446629810FFB5C6D0091955C /* PathogenesisModel.cpp */; };
		446629E50FFB5C6D0091955C /* Predet.cpp in Sources */ = {isa = PBXBuildFile; fileRef = 446629820FFB5C6D0091955C /* Predet.cpp */; };
		446629E60FFB5C6D0091955C /* Pyrogen.cpp in Sources */ = {isa = PBXBuildFile; fileRef = 446629830FFB5C6D0091955C /* Pyrogen.cpp */; };
		446629E70FFB5C6D0091955C /* population.cpp in Sources */ = {isa = PBXBuildFile; fileRef = 446629840FFB5C6D0091955C /* population.cpp */; };
		446629E80FFB5C6D0091955C /* population.o in Frameworks */ = {isa = PBXBuildFile; fileRef = 446629850FFB5C6D0091955C /* population.o */; };
		446629E90FFB5C6D0091955C /* libPresentationModel.a in Frameworks */ = {isa = PBXBuildFile; fileRef = 4466298B0FFB5C6D0091955C /* libPresentationModel.a */; };
		446629EA0FFB5C6D0091955C /* Makefile in Sources */ = {isa = PBXBuildFile; fileRef = 4466298C0FFB5C6D0091955C /* Makefile */; };
		446629EB0FFB5C6D0091955C /* Mueller.o in Frameworks */ = {isa = PBXBuildFile; fileRef = 4466298D0FFB5C6D0091955C /* Mueller.o */; };
		446629EC0FFB5C6D0091955C /* Predet.o in Frameworks */ = {isa = PBXBuildFile; fileRef = 4466298E0FFB5C6D0091955C /* Predet.o */; };
		446629ED0FFB5C6D0091955C /* Pyrogen.o in Frameworks */ = {isa = PBXBuildFile; fileRef = 4466298F0FFB5C6D0091955C /* Pyrogen.o */; };
		446629EE0FFB5C6D0091955C /* PresentationModel.o in Frameworks */ = {isa = PBXBuildFile; fileRef = 446629900FFB5C6D0091955C /* PresentationModel.o */; };
		446629EF0FFB5C6D0091955C /* proteome.cpp in Sources */ = {isa = PBXBuildFile; fileRef = 446629910FFB5C6D0091955C /* proteome.cpp */; };
		446629F00FFB5C6D0091955C /* proteome.o in Frameworks */ = {isa = PBXBuildFile; fileRef = 446629920FFB5C6D0091955C /* proteome.o */; };
		446629F10FFB5C6D0091955C /* simulation.cpp in Sources */ = {isa = PBXBuildFile; fileRef = 446629930FFB5C6D0091955C /* simulation.cpp */; };
		446629F20FFB5C6D0091955C /* simulation.o in Frameworks */ = {isa = PBXBuildFile; fileRef = 446629940FFB5C6D0091955C /* simulation.o */; };
		446629F30FFB5C6D0091955C /* summary.cpp in Sources */ = {isa = PBXBuildFile; fileRef = 446629950FFB5C6D0091955C /* summary.cpp */; };
		446629F40FFB5C6D0091955C /* summary.o in Frameworks */ = {isa = PBXBuildFile; fileRef = 446629960FFB5C6D0091955C /* summary.o */; };
		446629F50FFB5C6D0091955C /* timer.cpp in Sources */ = {isa = PBXBuildFile; fileRef = 446629970FFB5C6D0091955C /* timer.cpp */; };
		446629F60FFB5C6D0091955C /* timer.o in Frameworks */ = {isa = PBXBuildFile; fileRef = 446629980FFB5C6D0091955C /* timer.o */; };
		446629F70FFB5C6D0091955C /* NonVector.cpp in Sources */ = {isa = PBXBuildFile; fileRef = 4466299C0FFB5C6D0091955C /* NonVector.cpp */; };
		446629F80FFB5C6D0091955C /* PerHost.cpp in Sources */ = {isa = PBXBuildFile; fileRef = 4466299D0FFB5C6D0091955C /* PerHost.cpp */; };
		446629F90FFB5C6D0091955C /* Vector.cpp in Sources */ = {isa = PBXBuildFile; fileRef = 4466299E0FFB5C6D0091955C /* Vector.cpp */; };
		446629FA0FFB5C6D0091955C /* VectorEmergence.cpp in Sources */ = {isa = PBXBuildFile; fileRef = 4466299F0FFB5C6D0091955C /* VectorEmergence.cpp */; };
		446629FB0FFB5C6D0091955C /* VectorSpecies.cpp in Sources */ = {isa = PBXBuildFile; fileRef = 446629A00FFB5C6D0091955C /* VectorSpecies.cpp */; };
		446629FC0FFB5C6D0091955C /* TransmissionModel.cpp in Sources */ = {isa = PBXBuildFile; fileRef = 446629A10FFB5C6D0091955C /* TransmissionModel.cpp */; };
		446629FD0FFB5C6D0091955C /* transmissionModel.o in Frameworks */ = {isa = PBXBuildFile; fileRef = 446629A20FFB5C6D0091955C /* transmissionModel.o */; };
		446629FE0FFB5C6D0091955C /* vectorControl.o in Frameworks */ = {isa = PBXBuildFile; fileRef = 446629A30FFB5C6D0091955C /* vectorControl.o */; };
		446629FF0FFB5C6D0091955C /* VectorControlInternal.o in Frameworks */ = {isa = PBXBuildFile; fileRef = 446629A40FFB5C6D0091955C /* VectorControlInternal.o */; };
		44662A000FFB5C6D0091955C /* Descriptive.cpp in Sources */ = {isa = PBXBuildFile; fileRef = 446629AE0FFB5C6D0091955C /* Descriptive.cpp */; };
		44662A010FFB5C6D0091955C /* Descriptive.o in Frameworks */ = {isa = PBXBuildFile; fileRef = 446629AF0FFB5C6D0091955C /* Descriptive.o */; };
		44662A020FFB5C6D0091955C /* DescriptiveInfection.cpp in Sources */ = {isa = PBXBuildFile; fileRef = 446629B00FFB5C6D0091955C /* DescriptiveInfection.cpp */; };
		44662A030FFB5C6D0091955C /* DescriptiveInfection.o in Frameworks */ = {isa = PBXBuildFile; fileRef = 446629B10FFB5C6D0091955C /* DescriptiveInfection.o */; };
		44662A040FFB5C6D0091955C /* Dummy.cpp in Sources */ = {isa = PBXBuildFile; fileRef = 446629B20FFB5C6D0091955C /* Dummy.cpp */; };
		44662A050FFB5C6D0091955C /* Dummy.o in Frameworks */ = {isa = PBXBuildFile; fileRef = 446629B30FFB5C6D0091955C /* Dummy.o */; };
		44662A060FFB5C6D0091955C /* DummyInfection.cpp in Sources */ = {isa = PBXBuildFile; fileRef = 446629B40FFB5C6D0091955C /* DummyInfection.cpp */; };
		44662A070FFB5C6D0091955C /* DummyInfection.o in Frameworks */ = {isa = PBXBuildFile; fileRef = 446629B50FFB5C6D0091955C /* DummyInfection.o */; };
		44662A080FFB5C6D0091955C /* Empirical.cpp in Sources */ = {isa = PBXBuildFile; fileRef = 446629B60FFB5C6D0091955C /* Empirical.cpp */; };
		44662A090FFB5C6D0091955C /* EmpiricalInfection.cpp in Sources */ = {isa = PBXBuildFile; fileRef = 446629B70FFB5C6D0091955C /* EmpiricalInfection.cpp */; };
		44662A0A0FFB5C6D0091955C /* Infection.cpp in Sources */ = {isa = PBXBuildFile; fileRef = 446629B80FFB5C6D0091955C /* Infection.cpp */; };
		44662A0B0FFB5C6D0091955C /* Infection.o in Frameworks */ = {isa = PBXBuildFile; fileRef = 446629B90FFB5C6D0091955C /* Infection.o */; };
		44662A0C0FFB5C6D0091955C /* libWithinHostModel.a in Frameworks */ = {isa = PBXBuildFile; fileRef = 446629BA0FFB5C6D0091955C /* libWithinHostModel.a */; };
		44662A0D0FFB5C6E0091955C /* Makefile in Sources */ = {isa = PBXBuildFile; fileRef = 446629BB0FFB5C6D0091955C /* Makefile */; };
		44662A0E0FFB5C6E0091955C /* OldIPT.cpp in Sources */ = {isa = PBXBuildFile; fileRef = 446629BE0FFB5C6D0091955C /* OldIPT.cpp */; };
		44662A0F0FFB5C6E0091955C /* OldIPT.o in Frameworks */ = {isa = PBXBuildFile; fileRef = 446629BF0FFB5C6D0091955C /* OldIPT.o */; };
		44662A100FFB5C6E0091955C /* OldIPTInfection.cpp in Sources */ = {isa = PBXBuildFile; fileRef = 446629C00FFB5C6D0091955C /* OldIPTInfection.cpp */; };
		44662A110FFB5C6E0091955C /* OldIPTInfection.o in Frameworks */ = {isa = PBXBuildFile; fileRef = 446629C10FFB5C6D0091955C /* OldIPTInfection.o */; };
		44662A120FFB5C6E0091955C /* WithinHostModel.cpp in Sources */ = {isa = PBXBuildFile; fileRef = 446629C20FFB5C6D0091955C /* WithinHostModel.cpp */; };
		44662A130FFB5C6E0091955C /* WithinHostModel.o in Frameworks */ = {isa = PBXBuildFile; fileRef = 446629C30FFB5C6D0091955C /* WithinHostModel.o */; };
		44662AA60FFB6DDF0091955C /* inputData.cpp in Sources */ = {isa = PBXBuildFile; fileRef = 44662A9A0FFB6DDF0091955C /* inputData.cpp */; };
		44662AA70FFB6DDF0091955C /* inputData.o in Frameworks */ = {isa = PBXBuildFile; fileRef = 44662A9B0FFB6DDF0091955C /* inputData.o */; };
		44662AA80FFB6DDF0091955C /* libxsdcxx.a in Frameworks */ = {isa = PBXBuildFile; fileRef = 44662A9C0FFB6DDF0091955C /* libxsdcxx.a */; };
		44662AA90FFB6DDF0091955C /* Makefile in Sources */ = {isa = PBXBuildFile; fileRef = 44662A9D0FFB6DDF0091955C /* Makefile */; };
		44662AAA0FFB6DDF0091955C /* scenario.cxx in Sources */ = {isa = PBXBuildFile; fileRef = 44662AA10FFB6DDF0091955C /* scenario.cxx */; };
		44662AAB0FFB6DDF0091955C /* scenario.o in Frameworks */ = {isa = PBXBuildFile; fileRef = 44662AA40FFB6DDF0091955C /* scenario.o */; };
		8DD76F6A0486A84900D96B5E /* openmalaria.1 in CopyFiles */ = {isa = PBXBuildFile; fileRef = C6859E8B029090EE04C91782 /* openmalaria.1 */; };
/* End PBXBuildFile section */

/* Begin PBXCopyFilesBuildPhase section */
		8DD76F690486A84900D96B5E /* CopyFiles */ = {
			isa = PBXCopyFilesBuildPhase;
			buildActionMask = 8;
			dstPath = /usr/share/man/man1/;
			dstSubfolderSpec = 0;
			files = (
				8DD76F6A0486A84900D96B5E /* openmalaria.1 in CopyFiles */,
			);
			runOnlyForDeploymentPostprocessing = 1;
		};
/* End PBXCopyFilesBuildPhase section */

/* Begin PBXFileReference section */
		446629310FFB5C6C0091955C /* boincWrapper.Po */ = {isa = PBXFileReference; fileEncoding = 4; lastKnownFileType = text; path = boincWrapper.Po; sourceTree = "<group>"; };
		446629320FFB5C6C0091955C /* CaseManagementModel.Po */ = {isa = PBXFileReference; fileEncoding = 4; lastKnownFileType = text; path = CaseManagementModel.Po; sourceTree = "<group>"; };
		446629330FFB5C6C0091955C /* Descriptive.Po */ = {isa = PBXFileReference; fileEncoding = 4; lastKnownFileType = text; path = Descriptive.Po; sourceTree = "<group>"; };
		446629340FFB5C6C0091955C /* DescriptiveInfection.Po */ = {isa = PBXFileReference; fileEncoding = 4; lastKnownFileType = text; path = DescriptiveInfection.Po; sourceTree = "<group>"; };
		446629350FFB5C6C0091955C /* drug.Po */ = {isa = PBXFileReference; fileEncoding = 4; lastKnownFileType = text; path = drug.Po; sourceTree = "<group>"; };
		446629360FFB5C6D0091955C /* Dummy.Po */ = {isa = PBXFileReference; fileEncoding = 4; lastKnownFileType = text; path = Dummy.Po; sourceTree = "<group>"; };
		446629370FFB5C6D0091955C /* DummyInfection.Po */ = {isa = PBXFileReference; fileEncoding = 4; lastKnownFileType = text; path = DummyInfection.Po; sourceTree = "<group>"; };
		446629380FFB5C6D0091955C /* DummyWithinHostModel.Po */ = {isa = PBXFileReference; fileEncoding = 4; lastKnownFileType = text; path = DummyWithinHostModel.Po; sourceTree = "<group>"; };
		446629390FFB5C6D0091955C /* EntoIntervention.Po */ = {isa = PBXFileReference; fileEncoding = 4; lastKnownFileType = text; path = EntoIntervention.Po; sourceTree = "<group>"; };
		4466293A0FFB5C6D0091955C /* event.Po */ = {isa = PBXFileReference; fileEncoding = 4; lastKnownFileType = text; path = event.Po; sourceTree = "<group>"; };
		4466293B0FFB5C6D0091955C /* global.Po */ = {isa = PBXFileReference; fileEncoding = 4; lastKnownFileType = text; path = global.Po; sourceTree = "<group>"; };
		4466293C0FFB5C6D0091955C /* GSLWrapper.Po */ = {isa = PBXFileReference; fileEncoding = 4; lastKnownFileType = text; path = GSLWrapper.Po; sourceTree = "<group>"; };
		4466293D0FFB5C6D0091955C /* human.Po */ = {isa = PBXFileReference; fileEncoding = 4; lastKnownFileType = text; path = human.Po; sourceTree = "<group>"; };
		4466293E0FFB5C6D0091955C /* Infection.Po */ = {isa = PBXFileReference; fileEncoding = 4; lastKnownFileType = text; path = Infection.Po; sourceTree = "<group>"; };
		4466293F0FFB5C6D0091955C /* intervention.Po */ = {isa = PBXFileReference; fileEncoding = 4; lastKnownFileType = text; path = intervention.Po; sourceTree = "<group>"; };
		446629400FFB5C6D0091955C /* Mueller.Po */ = {isa = PBXFileReference; fileEncoding = 4; lastKnownFileType = text; path = Mueller.Po; sourceTree = "<group>"; };
		446629410FFB5C6D0091955C /* NewCaseManagement.Po */ = {isa = PBXFileReference; fileEncoding = 4; lastKnownFileType = text; path = NewCaseManagement.Po; sourceTree = "<group>"; };
		446629420FFB5C6D0091955C /* noVectorControl.Po */ = {isa = PBXFileReference; fileEncoding = 4; lastKnownFileType = text; path = noVectorControl.Po; sourceTree = "<group>"; };
		446629430FFB5C6D0091955C /* OldCaseManagement.Po */ = {isa = PBXFileReference; fileEncoding = 4; lastKnownFileType = text; path = OldCaseManagement.Po; sourceTree = "<group>"; };
		446629440FFB5C6D0091955C /* OldIPT.Po */ = {isa = PBXFileReference; fileEncoding = 4; lastKnownFileType = text; path = OldIPT.Po; sourceTree = "<group>"; };
		446629450FFB5C6D0091955C /* OldIPTInfection.Po */ = {isa = PBXFileReference; fileEncoding = 4; lastKnownFileType = text; path = OldIPTInfection.Po; sourceTree = "<group>"; };
		446629460FFB5C6D0091955C /* OldIPTWithinHostModel.Po */ = {isa = PBXFileReference; fileEncoding = 4; lastKnownFileType = text; path = OldIPTWithinHostModel.Po; sourceTree = "<group>"; };
		446629470FFB5C6D0091955C /* oldWithinHostModel.Po */ = {isa = PBXFileReference; fileEncoding = 4; lastKnownFileType = text; path = oldWithinHostModel.Po; sourceTree = "<group>"; };
		446629480FFB5C6D0091955C /* openMalaria.Po */ = {isa = PBXFileReference; fileEncoding = 4; lastKnownFileType = text; path = openMalaria.Po; sourceTree = "<group>"; };
		446629490FFB5C6D0091955C /* population.Po */ = {isa = PBXFileReference; fileEncoding = 4; lastKnownFileType = text; path = population.Po; sourceTree = "<group>"; };
		4466294A0FFB5C6D0091955C /* Predet.Po */ = {isa = PBXFileReference; fileEncoding = 4; lastKnownFileType = text; path = Predet.Po; sourceTree = "<group>"; };
		4466294B0FFB5C6D0091955C /* PresentationModel.Po */ = {isa = PBXFileReference; fileEncoding = 4; lastKnownFileType = text; path = PresentationModel.Po; sourceTree = "<group>"; };
		4466294C0FFB5C6D0091955C /* proteome.Po */ = {isa = PBXFileReference; fileEncoding = 4; lastKnownFileType = text; path = proteome.Po; sourceTree = "<group>"; };
		4466294D0FFB5C6D0091955C /* Pyrogen.Po */ = {isa = PBXFileReference; fileEncoding = 4; lastKnownFileType = text; path = Pyrogen.Po; sourceTree = "<group>"; };
		4466294E0FFB5C6D0091955C /* simulation.Po */ = {isa = PBXFileReference; fileEncoding = 4; lastKnownFileType = text; path = simulation.Po; sourceTree = "<group>"; };
		4466294F0FFB5C6D0091955C /* summary.Po */ = {isa = PBXFileReference; fileEncoding = 4; lastKnownFileType = text; path = summary.Po; sourceTree = "<group>"; };
		446629500FFB5C6D0091955C /* timer.Po */ = {isa = PBXFileReference; fileEncoding = 4; lastKnownFileType = text; path = timer.Po; sourceTree = "<group>"; };
		446629510FFB5C6D0091955C /* transmissionModel.Po */ = {isa = PBXFileReference; fileEncoding = 4; lastKnownFileType = text; path = transmissionModel.Po; sourceTree = "<group>"; };
		446629520FFB5C6D0091955C /* vectorControl.Po */ = {isa = PBXFileReference; fileEncoding = 4; lastKnownFileType = text; path = vectorControl.Po; sourceTree = "<group>"; };
		446629530FFB5C6D0091955C /* VectorControlInternal.Po */ = {isa = PBXFileReference; fileEncoding = 4; lastKnownFileType = text; path = VectorControlInternal.Po; sourceTree = "<group>"; };
		446629540FFB5C6D0091955C /* WithinHostModel.Po */ = {isa = PBXFileReference; fileEncoding = 4; lastKnownFileType = text; path = WithinHostModel.Po; sourceTree = "<group>"; };
		446629550FFB5C6D0091955C /* BoincWrapper.cpp */ = {isa = PBXFileReference; fileEncoding = 4; lastKnownFileType = sourcecode.cpp.cpp; path = BoincWrapper.cpp; sourceTree = "<group>"; };
		446629560FFB5C6D0091955C /* boincWrapper.o */ = {isa = PBXFileReference; lastKnownFileType = "compiled.mach-o.objfile"; path = boincWrapper.o; sourceTree = "<group>"; };
		446629570FFB5C6D0091955C /* CaseManagementModel.o */ = {isa = PBXFileReference; lastKnownFileType = "compiled.mach-o.objfile"; path = CaseManagementModel.o; sourceTree = "<group>"; };
		446629590FFB5C6D0091955C /* ClinicalModel.cpp */ = {isa = PBXFileReference; fileEncoding = 4; lastKnownFileType = sourcecode.cpp.cpp; path = ClinicalModel.cpp; sourceTree = "<group>"; };
		4466295A0FFB5C6D0091955C /* event.cpp */ = {isa = PBXFileReference; fileEncoding = 4; lastKnownFileType = sourcecode.cpp.cpp; path = event.cpp; sourceTree = "<group>"; };
		4466295B0FFB5C6D0091955C /* EventScheduler.cpp */ = {isa = PBXFileReference; fileEncoding = 4; indentWidth = 2; lastKnownFileType = sourcecode.cpp.cpp; path = EventScheduler.cpp; sourceTree = "<group>"; tabWidth = 8; usesTabs = 1; };
		4466295C0FFB5C6D0091955C /* ImmediateOutcomes.cpp */ = {isa = PBXFileReference; fileEncoding = 4; lastKnownFileType = sourcecode.cpp.cpp; path = ImmediateOutcomes.cpp; sourceTree = "<group>"; };
		4466295D0FFB5C6D0091955C /* Makefile.am */ = {isa = PBXFileReference; fileEncoding = 4; lastKnownFileType = text; path = Makefile.am; sourceTree = "<group>"; };
		4466295E0FFB5C6D0091955C /* Makefile.in */ = {isa = PBXFileReference; fileEncoding = 4; lastKnownFileType = text; path = Makefile.in; sourceTree = "<group>"; };
		4466295F0FFB5C6D0091955C /* OldCaseManagement.cpp */ = {isa = PBXFileReference; fileEncoding = 4; lastKnownFileType = sourcecode.cpp.cpp; path = OldCaseManagement.cpp; sourceTree = "<group>"; };
		446629610FFB5C6D0091955C /* drug.cpp */ = {isa = PBXFileReference; fileEncoding = 4; lastKnownFileType = sourcecode.cpp.cpp; path = drug.cpp; sourceTree = "<group>"; };
		446629620FFB5C6D0091955C /* DrugModel.cpp */ = {isa = PBXFileReference; fileEncoding = 4; lastKnownFileType = sourcecode.cpp.cpp; path = DrugModel.cpp; sourceTree = "<group>"; };
		446629630FFB5C6D0091955C /* Makefile.am */ = {isa = PBXFileReference; fileEncoding = 4; lastKnownFileType = text; path = Makefile.am; sourceTree = "<group>"; };
		446629640FFB5C6D0091955C /* Makefile.in */ = {isa = PBXFileReference; fileEncoding = 4; lastKnownFileType = text; path = Makefile.in; sourceTree = "<group>"; };
		446629650FFB5C6D0091955C /* PkPdDrug.cpp */ = {isa = PBXFileReference; fileEncoding = 4; lastKnownFileType = sourcecode.cpp.cpp; path = PkPdDrug.cpp; sourceTree = "<group>"; };
		446629660FFB5C6D0091955C /* drug.o */ = {isa = PBXFileReference; lastKnownFileType = "compiled.mach-o.objfile"; path = drug.o; sourceTree = "<group>"; };
		446629670FFB5C6D0091955C /* EntoIntervention.cpp */ = {isa = PBXFileReference; fileEncoding = 4; lastKnownFileType = sourcecode.cpp.cpp; path = EntoIntervention.cpp; sourceTree = "<group>"; };
		446629680FFB5C6D0091955C /* EntoIntervention.o */ = {isa = PBXFileReference; lastKnownFileType = "compiled.mach-o.objfile"; path = EntoIntervention.o; sourceTree = "<group>"; };
		446629690FFB5C6D0091955C /* event.o */ = {isa = PBXFileReference; lastKnownFileType = "compiled.mach-o.objfile"; path = event.o; sourceTree = "<group>"; };
		4466296A0FFB5C6D0091955C /* global.cpp */ = {isa = PBXFileReference; fileEncoding = 4; lastKnownFileType = sourcecode.cpp.cpp; path = global.cpp; sourceTree = "<group>"; };
		4466296B0FFB5C6D0091955C /* global.o */ = {isa = PBXFileReference; lastKnownFileType = "compiled.mach-o.objfile"; path = global.o; sourceTree = "<group>"; };
		4466296C0FFB5C6D0091955C /* GSLWrapper.cpp */ = {isa = PBXFileReference; fileEncoding = 4; lastKnownFileType = sourcecode.cpp.cpp; path = GSLWrapper.cpp; sourceTree = "<group>"; };
		4466296D0FFB5C6D0091955C /* GSLWrapper.o */ = {isa = PBXFileReference; lastKnownFileType = "compiled.mach-o.objfile"; path = GSLWrapper.o; sourceTree = "<group>"; };
		4466296E0FFB5C6D0091955C /* gzstream.C */ = {isa = PBXFileReference; fileEncoding = 4; lastKnownFileType = sourcecode.cpp.cpp; path = gzstream.C; sourceTree = "<group>"; };
		4466296F0FFB5C6D0091955C /* human.cpp */ = {isa = PBXFileReference; fileEncoding = 4; lastKnownFileType = sourcecode.cpp.cpp; path = human.cpp; sourceTree = "<group>"; };
		446629700FFB5C6D0091955C /* human.o */ = {isa = PBXFileReference; lastKnownFileType = "compiled.mach-o.objfile"; path = human.o; sourceTree = "<group>"; };
		446629710FFB5C6D0091955C /* InfectionIncidenceModel.cpp */ = {isa = PBXFileReference; fileEncoding = 4; lastKnownFileType = sourcecode.cpp.cpp; path = InfectionIncidenceModel.cpp; sourceTree = "<group>"; };
		446629720FFB5C6D0091955C /* intervention.cpp */ = {isa = PBXFileReference; fileEncoding = 4; lastKnownFileType = sourcecode.cpp.cpp; path = intervention.cpp; sourceTree = "<group>"; };
		446629730FFB5C6D0091955C /* intervention.o */ = {isa = PBXFileReference; lastKnownFileType = "compiled.mach-o.objfile"; path = intervention.o; sourceTree = "<group>"; };
		446629740FFB5C6D0091955C /* Makefile */ = {isa = PBXFileReference; fileEncoding = 4; lastKnownFileType = sourcecode.make; path = Makefile; sourceTree = "<group>"; };
		446629750FFB5C6D0091955C /* Makefile.am */ = {isa = PBXFileReference; fileEncoding = 4; lastKnownFileType = text; path = Makefile.am; sourceTree = "<group>"; };
		446629760FFB5C6D0091955C /* Makefile.in */ = {isa = PBXFileReference; fileEncoding = 4; lastKnownFileType = text; path = Makefile.in; sourceTree = "<group>"; };
		446629770FFB5C6D0091955C /* NewCaseManagement.o */ = {isa = PBXFileReference; lastKnownFileType = "compiled.mach-o.objfile"; path = NewCaseManagement.o; sourceTree = "<group>"; };
		446629780FFB5C6D0091955C /* noVectorControl.o */ = {isa = PBXFileReference; lastKnownFileType = "compiled.mach-o.objfile"; path = noVectorControl.o; sourceTree = "<group>"; };
		446629790FFB5C6D0091955C /* OldCaseManagement.o */ = {isa = PBXFileReference; lastKnownFileType = "compiled.mach-o.objfile"; path = OldCaseManagement.o; sourceTree = "<group>"; };
		4466297A0FFB5C6D0091955C /* openMalaria */ = {isa = PBXFileReference; lastKnownFileType = "compiled.mach-o.executable"; path = openMalaria; sourceTree = "<group>"; };
		4466297B0FFB5C6D0091955C /* openMalaria.cpp */ = {isa = PBXFileReference; fileEncoding = 4; lastKnownFileType = sourcecode.cpp.cpp; path = openMalaria.cpp; sourceTree = "<group>"; };
		4466297C0FFB5C6D0091955C /* openMalaria.o */ = {isa = PBXFileReference; lastKnownFileType = "compiled.mach-o.objfile"; path = openMalaria.o; sourceTree = "<group>"; };
		4466297E0FFB5C6D0091955C /* Makefile.am */ = {isa = PBXFileReference; fileEncoding = 4; lastKnownFileType = text; path = Makefile.am; sourceTree = "<group>"; };
		4466297F0FFB5C6D0091955C /* Makefile.in */ = {isa = PBXFileReference; fileEncoding = 4; lastKnownFileType = text; path = Makefile.in; sourceTree = "<group>"; };
		446629800FFB5C6D0091955C /* Mueller.cpp */ = {isa = PBXFileReference; fileEncoding = 4; lastKnownFileType = sourcecode.cpp.cpp; path = Mueller.cpp; sourceTree = "<group>"; };
		446629810FFB5C6D0091955C /* PathogenesisModel.cpp */ = {isa = PBXFileReference; fileEncoding = 4; lastKnownFileType = sourcecode.cpp.cpp; path = PathogenesisModel.cpp; sourceTree = "<group>"; };
		446629820FFB5C6D0091955C /* Predet.cpp */ = {isa = PBXFileReference; fileEncoding = 4; lastKnownFileType = sourcecode.cpp.cpp; path = Predet.cpp; sourceTree = "<group>"; };
		446629830FFB5C6D0091955C /* Pyrogen.cpp */ = {isa = PBXFileReference; fileEncoding = 4; lastKnownFileType = sourcecode.cpp.cpp; path = Pyrogen.cpp; sourceTree = "<group>"; };
		446629840FFB5C6D0091955C /* population.cpp */ = {isa = PBXFileReference; fileEncoding = 4; lastKnownFileType = sourcecode.cpp.cpp; path = population.cpp; sourceTree = "<group>"; };
		446629850FFB5C6D0091955C /* population.o */ = {isa = PBXFileReference; lastKnownFileType = "compiled.mach-o.objfile"; path = population.o; sourceTree = "<group>"; };
		446629880FFB5C6D0091955C /* Mueller.Po */ = {isa = PBXFileReference; fileEncoding = 4; lastKnownFileType = text; path = Mueller.Po; sourceTree = "<group>"; };
		446629890FFB5C6D0091955C /* Predet.Po */ = {isa = PBXFileReference; fileEncoding = 4; lastKnownFileType = text; path = Predet.Po; sourceTree = "<group>"; };
		4466298A0FFB5C6D0091955C /* Pyrogen.Po */ = {isa = PBXFileReference; fileEncoding = 4; lastKnownFileType = text; path = Pyrogen.Po; sourceTree = "<group>"; };
		4466298B0FFB5C6D0091955C /* libPresentationModel.a */ = {isa = PBXFileReference; lastKnownFileType = archive.ar; path = libPresentationModel.a; sourceTree = "<group>"; };
		4466298C0FFB5C6D0091955C /* Makefile */ = {isa = PBXFileReference; fileEncoding = 4; lastKnownFileType = sourcecode.make; path = Makefile; sourceTree = "<group>"; };
		4466298D0FFB5C6D0091955C /* Mueller.o */ = {isa = PBXFileReference; lastKnownFileType = "compiled.mach-o.objfile"; path = Mueller.o; sourceTree = "<group>"; };
		4466298E0FFB5C6D0091955C /* Predet.o */ = {isa = PBXFileReference; lastKnownFileType = "compiled.mach-o.objfile"; path = Predet.o; sourceTree = "<group>"; };
		4466298F0FFB5C6D0091955C /* Pyrogen.o */ = {isa = PBXFileReference; lastKnownFileType = "compiled.mach-o.objfile"; path = Pyrogen.o; sourceTree = "<group>"; };
		446629900FFB5C6D0091955C /* PresentationModel.o */ = {isa = PBXFileReference; lastKnownFileType = "compiled.mach-o.objfile"; path = PresentationModel.o; sourceTree = "<group>"; };
		446629910FFB5C6D0091955C /* proteome.cpp */ = {isa = PBXFileReference; fileEncoding = 4; lastKnownFileType = sourcecode.cpp.cpp; path = proteome.cpp; sourceTree = "<group>"; };
		446629920FFB5C6D0091955C /* proteome.o */ = {isa = PBXFileReference; lastKnownFileType = "compiled.mach-o.objfile"; path = proteome.o; sourceTree = "<group>"; };
		446629930FFB5C6D0091955C /* simulation.cpp */ = {isa = PBXFileReference; fileEncoding = 4; lastKnownFileType = sourcecode.cpp.cpp; path = simulation.cpp; sourceTree = "<group>"; };
		446629940FFB5C6D0091955C /* simulation.o */ = {isa = PBXFileReference; lastKnownFileType = "compiled.mach-o.objfile"; path = simulation.o; sourceTree = "<group>"; };
		446629950FFB5C6D0091955C /* summary.cpp */ = {isa = PBXFileReference; fileEncoding = 4; lastKnownFileType = sourcecode.cpp.cpp; path = summary.cpp; sourceTree = "<group>"; };
		446629960FFB5C6D0091955C /* summary.o */ = {isa = PBXFileReference; lastKnownFileType = "compiled.mach-o.objfile"; path = summary.o; sourceTree = "<group>"; };
		446629970FFB5C6D0091955C /* timer.cpp */ = {isa = PBXFileReference; fileEncoding = 4; lastKnownFileType = sourcecode.cpp.cpp; path = timer.cpp; sourceTree = "<group>"; };
		446629980FFB5C6D0091955C /* timer.o */ = {isa = PBXFileReference; lastKnownFileType = "compiled.mach-o.objfile"; path = timer.o; sourceTree = "<group>"; };
		4466299A0FFB5C6D0091955C /* Makefile.am */ = {isa = PBXFileReference; fileEncoding = 4; lastKnownFileType = text; path = Makefile.am; sourceTree = "<group>"; };
		4466299B0FFB5C6D0091955C /* Makefile.in */ = {isa = PBXFileReference; fileEncoding = 4; lastKnownFileType = text; path = Makefile.in; sourceTree = "<group>"; };
		4466299C0FFB5C6D0091955C /* NonVector.cpp */ = {isa = PBXFileReference; fileEncoding = 4; lastKnownFileType = sourcecode.cpp.cpp; path = NonVector.cpp; sourceTree = "<group>"; };
		4466299D0FFB5C6D0091955C /* PerHost.cpp */ = {isa = PBXFileReference; fileEncoding = 4; lastKnownFileType = sourcecode.cpp.cpp; path = PerHost.cpp; sourceTree = "<group>"; };
		4466299E0FFB5C6D0091955C /* Vector.cpp */ = {isa = PBXFileReference; fileEncoding = 4; lastKnownFileType = sourcecode.cpp.cpp; path = Vector.cpp; sourceTree = "<group>"; };
		4466299F0FFB5C6D0091955C /* VectorEmergence.cpp */ = {isa = PBXFileReference; fileEncoding = 4; lastKnownFileType = sourcecode.cpp.cpp; path = VectorEmergence.cpp; sourceTree = "<group>"; };
		446629A00FFB5C6D0091955C /* VectorSpecies.cpp */ = {isa = PBXFileReference; fileEncoding = 4; lastKnownFileType = sourcecode.cpp.cpp; path = VectorSpecies.cpp; sourceTree = "<group>"; };
		446629A10FFB5C6D0091955C /* TransmissionModel.cpp */ = {isa = PBXFileReference; fileEncoding = 4; lastKnownFileType = sourcecode.cpp.cpp; path = TransmissionModel.cpp; sourceTree = "<group>"; };
		446629A20FFB5C6D0091955C /* transmissionModel.o */ = {isa = PBXFileReference; lastKnownFileType = "compiled.mach-o.objfile"; path = transmissionModel.o; sourceTree = "<group>"; };
		446629A30FFB5C6D0091955C /* vectorControl.o */ = {isa = PBXFileReference; lastKnownFileType = "compiled.mach-o.objfile"; path = vectorControl.o; sourceTree = "<group>"; };
		446629A40FFB5C6D0091955C /* VectorControlInternal.o */ = {isa = PBXFileReference; lastKnownFileType = "compiled.mach-o.objfile"; path = VectorControlInternal.o; sourceTree = "<group>"; };
		446629A70FFB5C6D0091955C /* Descriptive.Po */ = {isa = PBXFileReference; fileEncoding = 4; lastKnownFileType = text; path = Descriptive.Po; sourceTree = "<group>"; };
		446629A80FFB5C6D0091955C /* DescriptiveInfection.Po */ = {isa = PBXFileReference; fileEncoding = 4; lastKnownFileType = text; path = DescriptiveInfection.Po; sourceTree = "<group>"; };
		446629A90FFB5C6D0091955C /* Dummy.Po */ = {isa = PBXFileReference; fileEncoding = 4; lastKnownFileType = text; path = Dummy.Po; sourceTree = "<group>"; };
		446629AA0FFB5C6D0091955C /* DummyInfection.Po */ = {isa = PBXFileReference; fileEncoding = 4; lastKnownFileType = text; path = DummyInfection.Po; sourceTree = "<group>"; };
		446629AB0FFB5C6D0091955C /* Infection.Po */ = {isa = PBXFileReference; fileEncoding = 4; lastKnownFileType = text; path = Infection.Po; sourceTree = "<group>"; };
		446629AC0FFB5C6D0091955C /* OldIPT.Po */ = {isa = PBXFileReference; fileEncoding = 4; lastKnownFileType = text; path = OldIPT.Po; sourceTree = "<group>"; };
		446629AD0FFB5C6D0091955C /* OldIPTInfection.Po */ = {isa = PBXFileReference; fileEncoding = 4; lastKnownFileType = text; path = OldIPTInfection.Po; sourceTree = "<group>"; };
		446629AE0FFB5C6D0091955C /* Descriptive.cpp */ = {isa = PBXFileReference; fileEncoding = 4; lastKnownFileType = sourcecode.cpp.cpp; path = Descriptive.cpp; sourceTree = "<group>"; };
		446629AF0FFB5C6D0091955C /* Descriptive.o */ = {isa = PBXFileReference; lastKnownFileType = "compiled.mach-o.objfile"; path = Descriptive.o; sourceTree = "<group>"; };
		446629B00FFB5C6D0091955C /* DescriptiveInfection.cpp */ = {isa = PBXFileReference; fileEncoding = 4; lastKnownFileType = sourcecode.cpp.cpp; path = DescriptiveInfection.cpp; sourceTree = "<group>"; };
		446629B10FFB5C6D0091955C /* DescriptiveInfection.o */ = {isa = PBXFileReference; lastKnownFileType = "compiled.mach-o.objfile"; path = DescriptiveInfection.o; sourceTree = "<group>"; };
		446629B20FFB5C6D0091955C /* Dummy.cpp */ = {isa = PBXFileReference; fileEncoding = 4; lastKnownFileType = sourcecode.cpp.cpp; path = Dummy.cpp; sourceTree = "<group>"; };
		446629B30FFB5C6D0091955C /* Dummy.o */ = {isa = PBXFileReference; lastKnownFileType = "compiled.mach-o.objfile"; path = Dummy.o; sourceTree = "<group>"; };
		446629B40FFB5C6D0091955C /* DummyInfection.cpp */ = {isa = PBXFileReference; fileEncoding = 4; lastKnownFileType = sourcecode.cpp.cpp; path = DummyInfection.cpp; sourceTree = "<group>"; };
		446629B50FFB5C6D0091955C /* DummyInfection.o */ = {isa = PBXFileReference; lastKnownFileType = "compiled.mach-o.objfile"; path = DummyInfection.o; sourceTree = "<group>"; };
		446629B60FFB5C6D0091955C /* Empirical.cpp */ = {isa = PBXFileReference; fileEncoding = 4; lastKnownFileType = sourcecode.cpp.cpp; path = Empirical.cpp; sourceTree = "<group>"; };
		446629B70FFB5C6D0091955C /* EmpiricalInfection.cpp */ = {isa = PBXFileReference; fileEncoding = 4; lastKnownFileType = sourcecode.cpp.cpp; path = EmpiricalInfection.cpp; sourceTree = "<group>"; };
		446629B80FFB5C6D0091955C /* Infection.cpp */ = {isa = PBXFileReference; fileEncoding = 4; lastKnownFileType = sourcecode.cpp.cpp; path = Infection.cpp; sourceTree = "<group>"; };
		446629B90FFB5C6D0091955C /* Infection.o */ = {isa = PBXFileReference; lastKnownFileType = "compiled.mach-o.objfile"; path = Infection.o; sourceTree = "<group>"; };
		446629BA0FFB5C6D0091955C /* libWithinHostModel.a */ = {isa = PBXFileReference; lastKnownFileType = archive.ar; path = libWithinHostModel.a; sourceTree = "<group>"; };
		446629BB0FFB5C6D0091955C /* Makefile */ = {isa = PBXFileReference; fileEncoding = 4; lastKnownFileType = sourcecode.make; path = Makefile; sourceTree = "<group>"; };
		446629BC0FFB5C6D0091955C /* Makefile.am */ = {isa = PBXFileReference; fileEncoding = 4; lastKnownFileType = text; path = Makefile.am; sourceTree = "<group>"; };
		446629BD0FFB5C6D0091955C /* Makefile.in */ = {isa = PBXFileReference; fileEncoding = 4; lastKnownFileType = text; path = Makefile.in; sourceTree = "<group>"; };
		446629BE0FFB5C6D0091955C /* OldIPT.cpp */ = {isa = PBXFileReference; fileEncoding = 4; lastKnownFileType = sourcecode.cpp.cpp; path = OldIPT.cpp; sourceTree = "<group>"; };
		446629BF0FFB5C6D0091955C /* OldIPT.o */ = {isa = PBXFileReference; lastKnownFileType = "compiled.mach-o.objfile"; path = OldIPT.o; sourceTree = "<group>"; };
		446629C00FFB5C6D0091955C /* OldIPTInfection.cpp */ = {isa = PBXFileReference; fileEncoding = 4; lastKnownFileType = sourcecode.cpp.cpp; path = OldIPTInfection.cpp; sourceTree = "<group>"; };
		446629C10FFB5C6D0091955C /* OldIPTInfection.o */ = {isa = PBXFileReference; lastKnownFileType = "compiled.mach-o.objfile"; path = OldIPTInfection.o; sourceTree = "<group>"; };
		446629C20FFB5C6D0091955C /* WithinHostModel.cpp */ = {isa = PBXFileReference; fileEncoding = 4; lastKnownFileType = sourcecode.cpp.cpp; path = WithinHostModel.cpp; sourceTree = "<group>"; };
		446629C30FFB5C6D0091955C /* WithinHostModel.o */ = {isa = PBXFileReference; lastKnownFileType = "compiled.mach-o.objfile"; path = WithinHostModel.o; sourceTree = "<group>"; };
		44662A5F0FFB6C720091955C /* boinc_bridge.h */ = {isa = PBXFileReference; fileEncoding = 4; lastKnownFileType = sourcecode.c.h; path = boinc_bridge.h; sourceTree = "<group>"; };
		44662A600FFB6C720091955C /* BoincWrapper.h */ = {isa = PBXFileReference; fileEncoding = 4; lastKnownFileType = sourcecode.c.h; path = BoincWrapper.h; sourceTree = "<group>"; };
		44662A620FFB6C720091955C /* ClinicalModel.h */ = {isa = PBXFileReference; fileEncoding = 4; lastKnownFileType = sourcecode.c.h; path = ClinicalModel.h; sourceTree = "<group>"; };
		44662A630FFB6C720091955C /* event.h */ = {isa = PBXFileReference; fileEncoding = 4; lastKnownFileType = sourcecode.c.h; path = event.h; sourceTree = "<group>"; };
		44662A640FFB6C720091955C /* EventScheduler.h */ = {isa = PBXFileReference; fileEncoding = 4; lastKnownFileType = sourcecode.c.h; path = EventScheduler.h; sourceTree = "<group>"; };
		44662A650FFB6C720091955C /* ImmediateOutcomes.h */ = {isa = PBXFileReference; fileEncoding = 4; lastKnownFileType = sourcecode.c.h; path = ImmediateOutcomes.h; sourceTree = "<group>"; };
		44662A660FFB6C720091955C /* OldCaseManagement.h */ = {isa = PBXFileReference; fileEncoding = 4; lastKnownFileType = sourcecode.c.h; path = OldCaseManagement.h; sourceTree = "<group>"; };
		44662A670FFB6C720091955C /* Constant.h */ = {isa = PBXFileReference; fileEncoding = 4; lastKnownFileType = sourcecode.c.h; path = Constant.h; sourceTree = "<group>"; };
		44662A690FFB6C720091955C /* drug.h */ = {isa = PBXFileReference; fileEncoding = 4; lastKnownFileType = sourcecode.c.h; path = drug.h; sourceTree = "<group>"; };
		44662A6A0FFB6C720091955C /* DrugModel.h */ = {isa = PBXFileReference; fileEncoding = 4; lastKnownFileType = sourcecode.c.h; path = DrugModel.h; sourceTree = "<group>"; };
		44662A6B0FFB6C720091955C /* PkPdDrug.h */ = {isa = PBXFileReference; fileEncoding = 4; lastKnownFileType = sourcecode.c.h; path = PkPdDrug.h; sourceTree = "<group>"; };
		44662A6C0FFB6C720091955C /* dummy_boinc_api.h */ = {isa = PBXFileReference; fileEncoding = 4; lastKnownFileType = sourcecode.c.h; path = dummy_boinc_api.h; sourceTree = "<group>"; };
		44662A6D0FFB6C720091955C /* EntoIntervention.h */ = {isa = PBXFileReference; fileEncoding = 4; lastKnownFileType = sourcecode.c.h; path = EntoIntervention.h; sourceTree = "<group>"; };
		44662A6E0FFB6C720091955C /* global.h */ = {isa = PBXFileReference; fileEncoding = 4; lastKnownFileType = sourcecode.c.h; path = global.h; sourceTree = "<group>"; };
		44662A6F0FFB6C720091955C /* GSLWrapper.h */ = {isa = PBXFileReference; fileEncoding = 4; lastKnownFileType = sourcecode.c.h; path = GSLWrapper.h; sourceTree = "<group>"; };
		44662A700FFB6C720091955C /* gzstream.h */ = {isa = PBXFileReference; fileEncoding = 4; lastKnownFileType = sourcecode.c.h; path = gzstream.h; sourceTree = "<group>"; };
		44662A710FFB6C720091955C /* human.h */ = {isa = PBXFileReference; fileEncoding = 4; lastKnownFileType = sourcecode.c.h; path = human.h; sourceTree = "<group>"; };
		44662A720FFB6C720091955C /* InfectionIncidenceModel.h */ = {isa = PBXFileReference; fileEncoding = 4; lastKnownFileType = sourcecode.c.h; path = InfectionIncidenceModel.h; sourceTree = "<group>"; };
		44662A730FFB6C720091955C /* inputData.h */ = {isa = PBXFileReference; fileEncoding = 4; lastKnownFileType = sourcecode.c.h; path = inputData.h; sourceTree = "<group>"; };
		44662A740FFB6C720091955C /* intervention.h */ = {isa = PBXFileReference; fileEncoding = 4; lastKnownFileType = sourcecode.c.h; path = intervention.h; sourceTree = "<group>"; };
		44662A760FFB6C720091955C /* Mueller.h */ = {isa = PBXFileReference; fileEncoding = 4; lastKnownFileType = sourcecode.c.h; path = Mueller.h; sourceTree = "<group>"; };
		44662A770FFB6C720091955C /* PathogenesisModel.h */ = {isa = PBXFileReference; fileEncoding = 4; lastKnownFileType = sourcecode.c.h; path = PathogenesisModel.h; sourceTree = "<group>"; };
		44662A780FFB6C720091955C /* Predet.h */ = {isa = PBXFileReference; fileEncoding = 4; lastKnownFileType = sourcecode.c.h; path = Predet.h; sourceTree = "<group>"; };
		44662A790FFB6C720091955C /* Pyrogen.h */ = {isa = PBXFileReference; fileEncoding = 4; lastKnownFileType = sourcecode.c.h; path = Pyrogen.h; sourceTree = "<group>"; };
		44662A7A0FFB6C720091955C /* population.h */ = {isa = PBXFileReference; fileEncoding = 4; lastKnownFileType = sourcecode.c.h; path = population.h; sourceTree = "<group>"; };
		44662A7C0FFB6C720091955C /* proteome.h */ = {isa = PBXFileReference; fileEncoding = 4; lastKnownFileType = sourcecode.c.h; path = proteome.h; sourceTree = "<group>"; };
		44662A7D0FFB6C720091955C /* ShmStruct.h */ = {isa = PBXFileReference; fileEncoding = 4; lastKnownFileType = sourcecode.c.h; path = ShmStruct.h; sourceTree = "<group>"; };
		44662A7E0FFB6C720091955C /* simulation.h */ = {isa = PBXFileReference; fileEncoding = 4; lastKnownFileType = sourcecode.c.h; path = simulation.h; sourceTree = "<group>"; };
		44662A7F0FFB6C720091955C /* summary.h */ = {isa = PBXFileReference; fileEncoding = 4; lastKnownFileType = sourcecode.c.h; path = summary.h; sourceTree = "<group>"; };
		44662A800FFB6C720091955C /* timer.h */ = {isa = PBXFileReference; fileEncoding = 4; lastKnownFileType = sourcecode.c.h; path = timer.h; sourceTree = "<group>"; };
		44662A820FFB6C720091955C /* NonVector.h */ = {isa = PBXFileReference; fileEncoding = 4; lastKnownFileType = sourcecode.c.h; path = NonVector.h; sourceTree = "<group>"; };
		44662A830FFB6C720091955C /* PerHost.h */ = {isa = PBXFileReference; fileEncoding = 4; lastKnownFileType = sourcecode.c.h; path = PerHost.h; sourceTree = "<group>"; };
		44662A840FFB6C720091955C /* Vector.h */ = {isa = PBXFileReference; fileEncoding = 4; lastKnownFileType = sourcecode.c.h; path = Vector.h; sourceTree = "<group>"; };
		44662A850FFB6C720091955C /* VectorEmergence.h */ = {isa = PBXFileReference; fileEncoding = 4; lastKnownFileType = sourcecode.c.h; path = VectorEmergence.h; sourceTree = "<group>"; };
		44662A860FFB6C720091955C /* VectorSpecies.h */ = {isa = PBXFileReference; fileEncoding = 4; lastKnownFileType = sourcecode.c.h; path = VectorSpecies.h; sourceTree = "<group>"; };
		44662A870FFB6C720091955C /* TransmissionModel.h */ = {isa = PBXFileReference; fileEncoding = 4; lastKnownFileType = sourcecode.c.h; path = TransmissionModel.h; sourceTree = "<group>"; };
		44662A890FFB6C720091955C /* Descriptive.h */ = {isa = PBXFileReference; fileEncoding = 4; lastKnownFileType = sourcecode.c.h; path = Descriptive.h; sourceTree = "<group>"; };
		44662A8A0FFB6C720091955C /* DescriptiveInfection.h */ = {isa = PBXFileReference; fileEncoding = 4; lastKnownFileType = sourcecode.c.h; path = DescriptiveInfection.h; sourceTree = "<group>"; };
		44662A8B0FFB6C720091955C /* Dummy.h */ = {isa = PBXFileReference; fileEncoding = 4; lastKnownFileType = sourcecode.c.h; path = Dummy.h; sourceTree = "<group>"; };
		44662A8C0FFB6C720091955C /* DummyInfection.h */ = {isa = PBXFileReference; fileEncoding = 4; lastKnownFileType = sourcecode.c.h; path = DummyInfection.h; sourceTree = "<group>"; };
		44662A8D0FFB6C720091955C /* Empirical.h */ = {isa = PBXFileReference; fileEncoding = 4; lastKnownFileType = sourcecode.c.h; path = Empirical.h; sourceTree = "<group>"; };
		44662A8E0FFB6C720091955C /* EmpiricalInfection.h */ = {isa = PBXFileReference; fileEncoding = 4; lastKnownFileType = sourcecode.c.h; path = EmpiricalInfection.h; sourceTree = "<group>"; };
		44662A8F0FFB6C720091955C /* Infection.h */ = {isa = PBXFileReference; fileEncoding = 4; lastKnownFileType = sourcecode.c.h; path = Infection.h; sourceTree = "<group>"; };
		44662A900FFB6C720091955C /* OldIPT.h */ = {isa = PBXFileReference; fileEncoding = 4; lastKnownFileType = sourcecode.c.h; path = OldIPT.h; sourceTree = "<group>"; };
		44662A910FFB6C720091955C /* OldIPTInfection.h */ = {isa = PBXFileReference; fileEncoding = 4; lastKnownFileType = sourcecode.c.h; path = OldIPTInfection.h; sourceTree = "<group>"; };
		44662A920FFB6C720091955C /* WithinHostModel.h */ = {isa = PBXFileReference; fileEncoding = 4; lastKnownFileType = sourcecode.c.h; path = WithinHostModel.h; sourceTree = "<group>"; };
		44662A980FFB6DDF0091955C /* inputData.Po */ = {isa = PBXFileReference; fileEncoding = 4; lastKnownFileType = text; path = inputData.Po; sourceTree = "<group>"; };
		44662A990FFB6DDF0091955C /* scenario.Po */ = {isa = PBXFileReference; fileEncoding = 4; lastKnownFileType = text; path = scenario.Po; sourceTree = "<group>"; };
		44662A9A0FFB6DDF0091955C /* inputData.cpp */ = {isa = PBXFileReference; fileEncoding = 4; lastKnownFileType = sourcecode.cpp.cpp; path = inputData.cpp; sourceTree = "<group>"; };
		44662A9B0FFB6DDF0091955C /* inputData.o */ = {isa = PBXFileReference; lastKnownFileType = "compiled.mach-o.objfile"; path = inputData.o; sourceTree = "<group>"; };
		44662A9C0FFB6DDF0091955C /* libxsdcxx.a */ = {isa = PBXFileReference; lastKnownFileType = archive.ar; path = libxsdcxx.a; sourceTree = "<group>"; };
		44662A9D0FFB6DDF0091955C /* Makefile */ = {isa = PBXFileReference; fileEncoding = 4; lastKnownFileType = sourcecode.make; path = Makefile; sourceTree = "<group>"; };
		44662A9E0FFB6DDF0091955C /* Makefile.am */ = {isa = PBXFileReference; fileEncoding = 4; lastKnownFileType = text; path = Makefile.am; sourceTree = "<group>"; };
		44662A9F0FFB6DDF0091955C /* Makefile.in */ = {isa = PBXFileReference; fileEncoding = 4; lastKnownFileType = text; path = Makefile.in; sourceTree = "<group>"; };
		44662AA00FFB6DDF0091955C /* readme.txt */ = {isa = PBXFileReference; fileEncoding = 4; lastKnownFileType = text; path = readme.txt; sourceTree = "<group>"; };
		44662AA10FFB6DDF0091955C /* scenario.cxx */ = {isa = PBXFileReference; fileEncoding = 4; lastKnownFileType = sourcecode.cpp.cpp; path = scenario.cxx; sourceTree = "<group>"; };
		44662AA20FFB6DDF0091955C /* scenario.hxx */ = {isa = PBXFileReference; fileEncoding = 4; lastKnownFileType = sourcecode.cpp.h; path = scenario.hxx; sourceTree = "<group>"; };
		44662AA30FFB6DDF0091955C /* scenario.ixx */ = {isa = PBXFileReference; fileEncoding = 4; lastKnownFileType = text; path = scenario.ixx; sourceTree = "<group>"; };
		44662AA40FFB6DDF0091955C /* scenario.o */ = {isa = PBXFileReference; lastKnownFileType = "compiled.mach-o.objfile"; path = scenario.o; sourceTree = "<group>"; };
		44662AA50FFB6DDF0091955C /* scenario.xsd */ = {isa = PBXFileReference; fileEncoding = 4; lastKnownFileType = text.xml; path = scenario.xsd; sourceTree = "<group>"; };
		8DD76F6C0486A84900D96B5E /* openmalaria */ = {isa = PBXFileReference; explicitFileType = "compiled.mach-o.executable"; includeInIndex = 0; path = openmalaria; sourceTree = BUILT_PRODUCTS_DIR; };
		C6859E8B029090EE04C91782 /* openmalaria.1 */ = {isa = PBXFileReference; lastKnownFileType = text.man; path = openmalaria.1; sourceTree = "<group>"; };
/* End PBXFileReference section */

/* Begin PBXFrameworksBuildPhase section */
		8DD76F660486A84900D96B5E /* Frameworks */ = {
			isa = PBXFrameworksBuildPhase;
			buildActionMask = 2147483647;
			files = (
				446629C50FFB5C6D0091955C /* boincWrapper.o in Frameworks */,
				446629C60FFB5C6D0091955C /* CaseManagementModel.o in Frameworks */,
				446629CF0FFB5C6D0091955C /* drug.o in Frameworks */,
				446629D10FFB5C6D0091955C /* EntoIntervention.o in Frameworks */,
				446629D20FFB5C6D0091955C /* event.o in Frameworks */,
				446629D40FFB5C6D0091955C /* global.o in Frameworks */,
				446629D60FFB5C6D0091955C /* GSLWrapper.o in Frameworks */,
				446629D90FFB5C6D0091955C /* human.o in Frameworks */,
				446629DC0FFB5C6D0091955C /* intervention.o in Frameworks */,
				446629DE0FFB5C6D0091955C /* NewCaseManagement.o in Frameworks */,
				446629DF0FFB5C6D0091955C /* noVectorControl.o in Frameworks */,
				446629E00FFB5C6D0091955C /* OldCaseManagement.o in Frameworks */,
				446629E20FFB5C6D0091955C /* openMalaria.o in Frameworks */,
				446629E80FFB5C6D0091955C /* population.o in Frameworks */,
				446629E90FFB5C6D0091955C /* libPresentationModel.a in Frameworks */,
				446629EB0FFB5C6D0091955C /* Mueller.o in Frameworks */,
				446629EC0FFB5C6D0091955C /* Predet.o in Frameworks */,
				446629ED0FFB5C6D0091955C /* Pyrogen.o in Frameworks */,
				446629EE0FFB5C6D0091955C /* PresentationModel.o in Frameworks */,
				446629F00FFB5C6D0091955C /* proteome.o in Frameworks */,
				446629F20FFB5C6D0091955C /* simulation.o in Frameworks */,
				446629F40FFB5C6D0091955C /* summary.o in Frameworks */,
				446629F60FFB5C6D0091955C /* timer.o in Frameworks */,
				446629FD0FFB5C6D0091955C /* transmissionModel.o in Frameworks */,
				446629FE0FFB5C6D0091955C /* vectorControl.o in Frameworks */,
				446629FF0FFB5C6D0091955C /* VectorControlInternal.o in Frameworks */,
				44662A010FFB5C6D0091955C /* Descriptive.o in Frameworks */,
				44662A030FFB5C6D0091955C /* DescriptiveInfection.o in Frameworks */,
				44662A050FFB5C6D0091955C /* Dummy.o in Frameworks */,
				44662A070FFB5C6D0091955C /* DummyInfection.o in Frameworks */,
				44662A0B0FFB5C6D0091955C /* Infection.o in Frameworks */,
				44662A0C0FFB5C6D0091955C /* libWithinHostModel.a in Frameworks */,
				44662A0F0FFB5C6E0091955C /* OldIPT.o in Frameworks */,
				44662A110FFB5C6E0091955C /* OldIPTInfection.o in Frameworks */,
				44662A130FFB5C6E0091955C /* WithinHostModel.o in Frameworks */,
				44662AA70FFB6DDF0091955C /* inputData.o in Frameworks */,
				44662AA80FFB6DDF0091955C /* libxsdcxx.a in Frameworks */,
				44662AAB0FFB6DDF0091955C /* scenario.o in Frameworks */,
			);
			runOnlyForDeploymentPostprocessing = 0;
		};
/* End PBXFrameworksBuildPhase section */

/* Begin PBXGroup section */
		08FB7794FE84155DC02AAC07 /* openmalaria */ = {
			isa = PBXGroup;
			children = (
				44662A5E0FFB6C720091955C /* include */,
				08FB7795FE84155DC02AAC07 /* Source */,
				C6859E8C029090F304C91782 /* Documentation */,
				1AB674ADFE9D54B511CA2CBB /* Products */,
			);
			name = openmalaria;
			sourceTree = "<group>";
		};
		08FB7795FE84155DC02AAC07 /* Source */ = {
			isa = PBXGroup;
			children = (
				44662A960FFB6DDF0091955C /* xsdcxx */,
				4466292F0FFB5C6C0091955C /* model */,
			);
			name = Source;
			sourceTree = "<group>";
		};
		1AB674ADFE9D54B511CA2CBB /* Products */ = {
			isa = PBXGroup;
			children = (
				8DD76F6C0486A84900D96B5E /* openmalaria */,
			);
			name = Products;
			sourceTree = "<group>";
		};
		4466292F0FFB5C6C0091955C /* model */ = {
			isa = PBXGroup;
			children = (
				446629300FFB5C6C0091955C /* .deps */,
				446629550FFB5C6D0091955C /* BoincWrapper.cpp */,
				446629560FFB5C6D0091955C /* boincWrapper.o */,
				446629570FFB5C6D0091955C /* CaseManagementModel.o */,
				446629580FFB5C6D0091955C /* Clinical */,
				446629600FFB5C6D0091955C /* Drug */,
				446629660FFB5C6D0091955C /* drug.o */,
				446629670FFB5C6D0091955C /* EntoIntervention.cpp */,
				446629680FFB5C6D0091955C /* EntoIntervention.o */,
				446629690FFB5C6D0091955C /* event.o */,
				4466296A0FFB5C6D0091955C /* global.cpp */,
				4466296B0FFB5C6D0091955C /* global.o */,
				4466296C0FFB5C6D0091955C /* GSLWrapper.cpp */,
				4466296D0FFB5C6D0091955C /* GSLWrapper.o */,
				4466296E0FFB5C6D0091955C /* gzstream.C */,
				4466296F0FFB5C6D0091955C /* human.cpp */,
				446629700FFB5C6D0091955C /* human.o */,
				446629710FFB5C6D0091955C /* InfectionIncidenceModel.cpp */,
				446629720FFB5C6D0091955C /* intervention.cpp */,
				446629730FFB5C6D0091955C /* intervention.o */,
				446629740FFB5C6D0091955C /* Makefile */,
				446629750FFB5C6D0091955C /* Makefile.am */,
				446629760FFB5C6D0091955C /* Makefile.in */,
				446629770FFB5C6D0091955C /* NewCaseManagement.o */,
				446629780FFB5C6D0091955C /* noVectorControl.o */,
				446629790FFB5C6D0091955C /* OldCaseManagement.o */,
				4466297A0FFB5C6D0091955C /* openMalaria */,
				4466297B0FFB5C6D0091955C /* openMalaria.cpp */,
				4466297C0FFB5C6D0091955C /* openMalaria.o */,
				4466297D0FFB5C6D0091955C /* Pathogenesis */,
				446629840FFB5C6D0091955C /* population.cpp */,
				446629850FFB5C6D0091955C /* population.o */,
				446629860FFB5C6D0091955C /* PresentationModel */,
				446629900FFB5C6D0091955C /* PresentationModel.o */,
				446629910FFB5C6D0091955C /* proteome.cpp */,
				446629920FFB5C6D0091955C /* proteome.o */,
				446629930FFB5C6D0091955C /* simulation.cpp */,
				446629940FFB5C6D0091955C /* simulation.o */,
				446629950FFB5C6D0091955C /* summary.cpp */,
				446629960FFB5C6D0091955C /* summary.o */,
				446629970FFB5C6D0091955C /* timer.cpp */,
				446629980FFB5C6D0091955C /* timer.o */,
				446629990FFB5C6D0091955C /* TransmissionModel */,
				446629A10FFB5C6D0091955C /* TransmissionModel.cpp */,
				446629A20FFB5C6D0091955C /* transmissionModel.o */,
				446629A30FFB5C6D0091955C /* vectorControl.o */,
				446629A40FFB5C6D0091955C /* VectorControlInternal.o */,
				446629A50FFB5C6D0091955C /* WithinHostModel */,
				446629C20FFB5C6D0091955C /* WithinHostModel.cpp */,
				446629C30FFB5C6D0091955C /* WithinHostModel.o */,
			);
			path = model;
			sourceTree = "<group>";
		};
		446629300FFB5C6C0091955C /* .deps */ = {
			isa = PBXGroup;
			children = (
				446629310FFB5C6C0091955C /* boincWrapper.Po */,
				446629320FFB5C6C0091955C /* CaseManagementModel.Po */,
				446629330FFB5C6C0091955C /* Descriptive.Po */,
				446629340FFB5C6C0091955C /* DescriptiveInfection.Po */,
				446629350FFB5C6C0091955C /* drug.Po */,
				446629360FFB5C6D0091955C /* Dummy.Po */,
				446629370FFB5C6D0091955C /* DummyInfection.Po */,
				446629380FFB5C6D0091955C /* DummyWithinHostModel.Po */,
				446629390FFB5C6D0091955C /* EntoIntervention.Po */,
				4466293A0FFB5C6D0091955C /* event.Po */,
				4466293B0FFB5C6D0091955C /* global.Po */,
				4466293C0FFB5C6D0091955C /* GSLWrapper.Po */,
				4466293D0FFB5C6D0091955C /* human.Po */,
				4466293E0FFB5C6D0091955C /* Infection.Po */,
				4466293F0FFB5C6D0091955C /* intervention.Po */,
				446629400FFB5C6D0091955C /* Mueller.Po */,
				446629410FFB5C6D0091955C /* NewCaseManagement.Po */,
				446629420FFB5C6D0091955C /* noVectorControl.Po */,
				446629430FFB5C6D0091955C /* OldCaseManagement.Po */,
				446629440FFB5C6D0091955C /* OldIPT.Po */,
				446629450FFB5C6D0091955C /* OldIPTInfection.Po */,
				446629460FFB5C6D0091955C /* OldIPTWithinHostModel.Po */,
				446629470FFB5C6D0091955C /* oldWithinHostModel.Po */,
				446629480FFB5C6D0091955C /* openMalaria.Po */,
				446629490FFB5C6D0091955C /* population.Po */,
				4466294A0FFB5C6D0091955C /* Predet.Po */,
				4466294B0FFB5C6D0091955C /* PresentationModel.Po */,
				4466294C0FFB5C6D0091955C /* proteome.Po */,
				4466294D0FFB5C6D0091955C /* Pyrogen.Po */,
				4466294E0FFB5C6D0091955C /* simulation.Po */,
				4466294F0FFB5C6D0091955C /* summary.Po */,
				446629500FFB5C6D0091955C /* timer.Po */,
				446629510FFB5C6D0091955C /* transmissionModel.Po */,
				446629520FFB5C6D0091955C /* vectorControl.Po */,
				446629530FFB5C6D0091955C /* VectorControlInternal.Po */,
				446629540FFB5C6D0091955C /* WithinHostModel.Po */,
			);
			path = .deps;
			sourceTree = "<group>";
		};
		446629580FFB5C6D0091955C /* Clinical */ = {
			isa = PBXGroup;
			children = (
				446629590FFB5C6D0091955C /* ClinicalModel.cpp */,
				4466295A0FFB5C6D0091955C /* event.cpp */,
				4466295B0FFB5C6D0091955C /* EventScheduler.cpp */,
				4466295C0FFB5C6D0091955C /* ImmediateOutcomes.cpp */,
				4466295D0FFB5C6D0091955C /* Makefile.am */,
				4466295E0FFB5C6D0091955C /* Makefile.in */,
				4466295F0FFB5C6D0091955C /* OldCaseManagement.cpp */,
			);
			path = Clinical;
			sourceTree = "<group>";
		};
		446629600FFB5C6D0091955C /* Drug */ = {
			isa = PBXGroup;
			children = (
				446629610FFB5C6D0091955C /* drug.cpp */,
				446629620FFB5C6D0091955C /* DrugModel.cpp */,
				446629630FFB5C6D0091955C /* Makefile.am */,
				446629640FFB5C6D0091955C /* Makefile.in */,
				446629650FFB5C6D0091955C /* PkPdDrug.cpp */,
			);
			path = Drug;
			sourceTree = "<group>";
		};
		4466297D0FFB5C6D0091955C /* Pathogenesis */ = {
			isa = PBXGroup;
			children = (
				4466297E0FFB5C6D0091955C /* Makefile.am */,
				4466297F0FFB5C6D0091955C /* Makefile.in */,
				446629800FFB5C6D0091955C /* Mueller.cpp */,
				446629810FFB5C6D0091955C /* PathogenesisModel.cpp */,
				446629820FFB5C6D0091955C /* Predet.cpp */,
				446629830FFB5C6D0091955C /* Pyrogen.cpp */,
			);
			path = Pathogenesis;
			sourceTree = "<group>";
		};
		446629860FFB5C6D0091955C /* PresentationModel */ = {
			isa = PBXGroup;
			children = (
				446629870FFB5C6D0091955C /* .deps */,
				4466298B0FFB5C6D0091955C /* libPresentationModel.a */,
				4466298C0FFB5C6D0091955C /* Makefile */,
				4466298D0FFB5C6D0091955C /* Mueller.o */,
				4466298E0FFB5C6D0091955C /* Predet.o */,
				4466298F0FFB5C6D0091955C /* Pyrogen.o */,
			);
			path = PresentationModel;
			sourceTree = "<group>";
		};
		446629870FFB5C6D0091955C /* .deps */ = {
			isa = PBXGroup;
			children = (
				446629880FFB5C6D0091955C /* Mueller.Po */,
				446629890FFB5C6D0091955C /* Predet.Po */,
				4466298A0FFB5C6D0091955C /* Pyrogen.Po */,
			);
			path = .deps;
			sourceTree = "<group>";
		};
		446629990FFB5C6D0091955C /* TransmissionModel */ = {
			isa = PBXGroup;
			children = (
				4466299A0FFB5C6D0091955C /* Makefile.am */,
				4466299B0FFB5C6D0091955C /* Makefile.in */,
				4466299C0FFB5C6D0091955C /* NonVector.cpp */,
				4466299D0FFB5C6D0091955C /* PerHost.cpp */,
				4466299E0FFB5C6D0091955C /* Vector.cpp */,
				4466299F0FFB5C6D0091955C /* VectorEmergence.cpp */,
				446629A00FFB5C6D0091955C /* VectorSpecies.cpp */,
			);
			path = TransmissionModel;
			sourceTree = "<group>";
		};
		446629A50FFB5C6D0091955C /* WithinHostModel */ = {
			isa = PBXGroup;
			children = (
				446629A60FFB5C6D0091955C /* .deps */,
				446629AE0FFB5C6D0091955C /* Descriptive.cpp */,
				446629AF0FFB5C6D0091955C /* Descriptive.o */,
				446629B00FFB5C6D0091955C /* DescriptiveInfection.cpp */,
				446629B10FFB5C6D0091955C /* DescriptiveInfection.o */,
				446629B20FFB5C6D0091955C /* Dummy.cpp */,
				446629B30FFB5C6D0091955C /* Dummy.o */,
				446629B40FFB5C6D0091955C /* DummyInfection.cpp */,
				446629B50FFB5C6D0091955C /* DummyInfection.o */,
				446629B60FFB5C6D0091955C /* Empirical.cpp */,
				446629B70FFB5C6D0091955C /* EmpiricalInfection.cpp */,
				446629B80FFB5C6D0091955C /* Infection.cpp */,
				446629B90FFB5C6D0091955C /* Infection.o */,
				446629BA0FFB5C6D0091955C /* libWithinHostModel.a */,
				446629BB0FFB5C6D0091955C /* Makefile */,
				446629BC0FFB5C6D0091955C /* Makefile.am */,
				446629BD0FFB5C6D0091955C /* Makefile.in */,
				446629BE0FFB5C6D0091955C /* OldIPT.cpp */,
				446629BF0FFB5C6D0091955C /* OldIPT.o */,
				446629C00FFB5C6D0091955C /* OldIPTInfection.cpp */,
				446629C10FFB5C6D0091955C /* OldIPTInfection.o */,
			);
			path = WithinHostModel;
			sourceTree = "<group>";
		};
		446629A60FFB5C6D0091955C /* .deps */ = {
			isa = PBXGroup;
			children = (
				446629A70FFB5C6D0091955C /* Descriptive.Po */,
				446629A80FFB5C6D0091955C /* DescriptiveInfection.Po */,
				446629A90FFB5C6D0091955C /* Dummy.Po */,
				446629AA0FFB5C6D0091955C /* DummyInfection.Po */,
				446629AB0FFB5C6D0091955C /* Infection.Po */,
				446629AC0FFB5C6D0091955C /* OldIPT.Po */,
				446629AD0FFB5C6D0091955C /* OldIPTInfection.Po */,
			);
			path = .deps;
			sourceTree = "<group>";
		};
		44662A5E0FFB6C720091955C /* include */ = {
			isa = PBXGroup;
			children = (
				44662A5F0FFB6C720091955C /* boinc_bridge.h */,
				44662A600FFB6C720091955C /* BoincWrapper.h */,
				44662A610FFB6C720091955C /* Clinical */,
				44662A670FFB6C720091955C /* Constant.h */,
				44662A680FFB6C720091955C /* Drug */,
				44662A6C0FFB6C720091955C /* dummy_boinc_api.h */,
				44662A6D0FFB6C720091955C /* EntoIntervention.h */,
				44662A6E0FFB6C720091955C /* global.h */,
				44662A6F0FFB6C720091955C /* GSLWrapper.h */,
				44662A700FFB6C720091955C /* gzstream.h */,
				44662A710FFB6C720091955C /* human.h */,
				44662A720FFB6C720091955C /* InfectionIncidenceModel.h */,
				44662A730FFB6C720091955C /* inputData.h */,
				44662A740FFB6C720091955C /* intervention.h */,
				44662A750FFB6C720091955C /* Pathogenesis */,
				44662A7A0FFB6C720091955C /* population.h */,
				44662A7B0FFB6C720091955C /* PresentationModel */,
				44662A7C0FFB6C720091955C /* proteome.h */,
				44662A7D0FFB6C720091955C /* ShmStruct.h */,
				44662A7E0FFB6C720091955C /* simulation.h */,
				44662A7F0FFB6C720091955C /* summary.h */,
				44662A800FFB6C720091955C /* timer.h */,
				44662A810FFB6C720091955C /* TransmissionModel */,
				44662A870FFB6C720091955C /* TransmissionModel.h */,
				44662A880FFB6C720091955C /* WithinHostModel */,
				44662A920FFB6C720091955C /* WithinHostModel.h */,
			);
			path = include;
			sourceTree = "<group>";
		};
		44662A610FFB6C720091955C /* Clinical */ = {
			isa = PBXGroup;
			children = (
				44662A620FFB6C720091955C /* ClinicalModel.h */,
				44662A630FFB6C720091955C /* event.h */,
				44662A640FFB6C720091955C /* EventScheduler.h */,
				44662A650FFB6C720091955C /* ImmediateOutcomes.h */,
				44662A660FFB6C720091955C /* OldCaseManagement.h */,
			);
			path = Clinical;
			sourceTree = "<group>";
		};
		44662A680FFB6C720091955C /* Drug */ = {
			isa = PBXGroup;
			children = (
				44662A690FFB6C720091955C /* drug.h */,
				44662A6A0FFB6C720091955C /* DrugModel.h */,
				44662A6B0FFB6C720091955C /* PkPdDrug.h */,
			);
			path = Drug;
			sourceTree = "<group>";
		};
		44662A750FFB6C720091955C /* Pathogenesis */ = {
			isa = PBXGroup;
			children = (
				44662A760FFB6C720091955C /* Mueller.h */,
				44662A770FFB6C720091955C /* PathogenesisModel.h */,
				44662A780FFB6C720091955C /* Predet.h */,
				44662A790FFB6C720091955C /* Pyrogen.h */,
			);
			path = Pathogenesis;
			sourceTree = "<group>";
		};
		44662A7B0FFB6C720091955C /* PresentationModel */ = {
			isa = PBXGroup;
			children = (
			);
			path = PresentationModel;
			sourceTree = "<group>";
		};
		44662A810FFB6C720091955C /* TransmissionModel */ = {
			isa = PBXGroup;
			children = (
				44662A820FFB6C720091955C /* NonVector.h */,
				44662A830FFB6C720091955C /* PerHost.h */,
				44662A840FFB6C720091955C /* Vector.h */,
				44662A850FFB6C720091955C /* VectorEmergence.h */,
				44662A860FFB6C720091955C /* VectorSpecies.h */,
			);
			path = TransmissionModel;
			sourceTree = "<group>";
		};
		44662A880FFB6C720091955C /* WithinHostModel */ = {
			isa = PBXGroup;
			children = (
				44662A890FFB6C720091955C /* Descriptive.h */,
				44662A8A0FFB6C720091955C /* DescriptiveInfection.h */,
				44662A8B0FFB6C720091955C /* Dummy.h */,
				44662A8C0FFB6C720091955C /* DummyInfection.h */,
				44662A8D0FFB6C720091955C /* Empirical.h */,
				44662A8E0FFB6C720091955C /* EmpiricalInfection.h */,
				44662A8F0FFB6C720091955C /* Infection.h */,
				44662A900FFB6C720091955C /* OldIPT.h */,
				44662A910FFB6C720091955C /* OldIPTInfection.h */,
			);
			path = WithinHostModel;
			sourceTree = "<group>";
		};
		44662A960FFB6DDF0091955C /* xsdcxx */ = {
			isa = PBXGroup;
			children = (
				44662A970FFB6DDF0091955C /* .deps */,
				44662A9A0FFB6DDF0091955C /* inputData.cpp */,
				44662A9B0FFB6DDF0091955C /* inputData.o */,
				44662A9C0FFB6DDF0091955C /* libxsdcxx.a */,
				44662A9D0FFB6DDF0091955C /* Makefile */,
				44662A9E0FFB6DDF0091955C /* Makefile.am */,
				44662A9F0FFB6DDF0091955C /* Makefile.in */,
				44662AA00FFB6DDF0091955C /* readme.txt */,
				44662AA10FFB6DDF0091955C /* scenario.cxx */,
				44662AA20FFB6DDF0091955C /* scenario.hxx */,
				44662AA30FFB6DDF0091955C /* scenario.ixx */,
				44662AA40FFB6DDF0091955C /* scenario.o */,
				44662AA50FFB6DDF0091955C /* scenario.xsd */,
			);
			path = xsdcxx;
			sourceTree = "<group>";
		};
		44662A970FFB6DDF0091955C /* .deps */ = {
			isa = PBXGroup;
			children = (
				44662A980FFB6DDF0091955C /* inputData.Po */,
				44662A990FFB6DDF0091955C /* scenario.Po */,
			);
			path = .deps;
			sourceTree = "<group>";
		};
		C6859E8C029090F304C91782 /* Documentation */ = {
			isa = PBXGroup;
			children = (
				C6859E8B029090EE04C91782 /* openmalaria.1 */,
			);
			name = Documentation;
			sourceTree = "<group>";
		};
/* End PBXGroup section */

/* Begin PBXNativeTarget section */
		8DD76F620486A84900D96B5E /* openmalaria */ = {
			isa = PBXNativeTarget;
			buildConfigurationList = 1DEB923108733DC60010E9CD /* Build configuration list for PBXNativeTarget "openmalaria" */;
			buildPhases = (
				8DD76F640486A84900D96B5E /* Sources */,
				8DD76F660486A84900D96B5E /* Frameworks */,
				8DD76F690486A84900D96B5E /* CopyFiles */,
			);
			buildRules = (
			);
			dependencies = (
			);
			name = openmalaria;
			productInstallPath = "$(HOME)/bin";
			productName = openmalaria;
			productReference = 8DD76F6C0486A84900D96B5E /* openmalaria */;
			productType = "com.apple.product-type.tool";
		};
/* End PBXNativeTarget section */

/* Begin PBXProject section */
		08FB7793FE84155DC02AAC07 /* Project object */ = {
			isa = PBXProject;
			buildConfigurationList = 1DEB923508733DC60010E9CD /* Build configuration list for PBXProject "openmalaria" */;
			compatibilityVersion = "Xcode 3.0";
			hasScannedForEncodings = 1;
			mainGroup = 08FB7794FE84155DC02AAC07 /* openmalaria */;
			projectDirPath = "";
			projectRoot = "";
			targets = (
				8DD76F620486A84900D96B5E /* openmalaria */,
			);
		};
/* End PBXProject section */

/* Begin PBXSourcesBuildPhase section */
		8DD76F640486A84900D96B5E /* Sources */ = {
			isa = PBXSourcesBuildPhase;
			buildActionMask = 2147483647;
			files = (
				446629C40FFB5C6D0091955C /* BoincWrapper.cpp in Sources */,
				446629C70FFB5C6D0091955C /* ClinicalModel.cpp in Sources */,
				446629C80FFB5C6D0091955C /* event.cpp in Sources */,
				446629C90FFB5C6D0091955C /* EventScheduler.cpp in Sources */,
				446629CA0FFB5C6D0091955C /* ImmediateOutcomes.cpp in Sources */,
				446629CB0FFB5C6D0091955C /* OldCaseManagement.cpp in Sources */,
				446629CC0FFB5C6D0091955C /* drug.cpp in Sources */,
				446629CD0FFB5C6D0091955C /* DrugModel.cpp in Sources */,
				446629CE0FFB5C6D0091955C /* PkPdDrug.cpp in Sources */,
				446629D00FFB5C6D0091955C /* EntoIntervention.cpp in Sources */,
				446629D30FFB5C6D0091955C /* global.cpp in Sources */,
				446629D50FFB5C6D0091955C /* GSLWrapper.cpp in Sources */,
				446629D70FFB5C6D0091955C /* gzstream.C in Sources */,
				446629D80FFB5C6D0091955C /* human.cpp in Sources */,
				446629DA0FFB5C6D0091955C /* InfectionIncidenceModel.cpp in Sources */,
				446629DB0FFB5C6D0091955C /* intervention.cpp in Sources */,
				446629DD0FFB5C6D0091955C /* Makefile in Sources */,
				446629E10FFB5C6D0091955C /* openMalaria.cpp in Sources */,
				446629E30FFB5C6D0091955C /* Mueller.cpp in Sources */,
				446629E40FFB5C6D0091955C /* PathogenesisModel.cpp in Sources */,
				446629E50FFB5C6D0091955C /* Predet.cpp in Sources */,
				446629E60FFB5C6D0091955C /* Pyrogen.cpp in Sources */,
				446629E70FFB5C6D0091955C /* population.cpp in Sources */,
				446629EA0FFB5C6D0091955C /* Makefile in Sources */,
				446629EF0FFB5C6D0091955C /* proteome.cpp in Sources */,
				446629F10FFB5C6D0091955C /* simulation.cpp in Sources */,
				446629F30FFB5C6D0091955C /* summary.cpp in Sources */,
				446629F50FFB5C6D0091955C /* timer.cpp in Sources */,
				446629F70FFB5C6D0091955C /* NonVector.cpp in Sources */,
				446629F80FFB5C6D0091955C /* PerHost.cpp in Sources */,
				446629F90FFB5C6D0091955C /* Vector.cpp in Sources */,
				446629FA0FFB5C6D0091955C /* VectorEmergence.cpp in Sources */,
				446629FB0FFB5C6D0091955C /* VectorSpecies.cpp in Sources */,
				446629FC0FFB5C6D0091955C /* TransmissionModel.cpp in Sources */,
				44662A000FFB5C6D0091955C /* Descriptive.cpp in Sources */,
				44662A020FFB5C6D0091955C /* DescriptiveInfection.cpp in Sources */,
				44662A040FFB5C6D0091955C /* Dummy.cpp in Sources */,
				44662A060FFB5C6D0091955C /* DummyInfection.cpp in Sources */,
				44662A080FFB5C6D0091955C /* Empirical.cpp in Sources */,
				44662A090FFB5C6D0091955C /* EmpiricalInfection.cpp in Sources */,
				44662A0A0FFB5C6D0091955C /* Infection.cpp in Sources */,
				44662A0D0FFB5C6E0091955C /* Makefile in Sources */,
				44662A0E0FFB5C6E0091955C /* OldIPT.cpp in Sources */,
				44662A100FFB5C6E0091955C /* OldIPTInfection.cpp in Sources */,
				44662A120FFB5C6E0091955C /* WithinHostModel.cpp in Sources */,
				44662AA60FFB6DDF0091955C /* inputData.cpp in Sources */,
				44662AA90FFB6DDF0091955C /* Makefile in Sources */,
				44662AAA0FFB6DDF0091955C /* scenario.cxx in Sources */,
			);
			runOnlyForDeploymentPostprocessing = 0;
		};
/* End PBXSourcesBuildPhase section */

/* Begin XCBuildConfiguration section */
		1DEB923208733DC60010E9CD /* Debug */ = {
			isa = XCBuildConfiguration;
			buildSettings = {
				COPY_PHASE_STRIP = NO;
				GCC_DYNAMIC_NO_PIC = NO;
				GCC_ENABLE_FIX_AND_CONTINUE = YES;
				GCC_MODEL_TUNING = G5;
				GCC_OPTIMIZATION_LEVEL = 0;
				GCC_PREPROCESSOR_DEFINITIONS = (
					"_GLIBCXX_DEBUG=1",
					"_GLIBCXX_DEBUG_PEDANTIC=1",
				);
				INSTALL_PATH = /usr/local/bin;
				LIBRARY_SEARCH_PATHS = (
					"$(inherited)",
					"\"$(SRCROOT)/model/PresentationModel\"",
					"\"$(SRCROOT)/model/WithinHostModel\"",
					"\"$(SRCROOT)/xsdcxx\"",
				);
				PRODUCT_NAME = openmalaria;
				ZERO_LINK = YES;
			};
			name = Debug;
		};
		1DEB923308733DC60010E9CD /* Release */ = {
			isa = XCBuildConfiguration;
			buildSettings = {
				DEBUG_INFORMATION_FORMAT = "dwarf-with-dsym";
				GCC_MODEL_TUNING = G5;
				INSTALL_PATH = /usr/local/bin;
				LIBRARY_SEARCH_PATHS = (
					"$(inherited)",
					"\"$(SRCROOT)/model/PresentationModel\"",
					"\"$(SRCROOT)/model/WithinHostModel\"",
					"\"$(SRCROOT)/xsdcxx\"",
				);
				PRODUCT_NAME = openmalaria;
			};
			name = Release;
		};
		1DEB923608733DC60010E9CD /* Debug */ = {
			isa = XCBuildConfiguration;
			buildSettings = {
				GCC_WARN_ABOUT_RETURN_TYPE = YES;
				GCC_WARN_UNUSED_VARIABLE = YES;
				HEADER_SEARCH_PATHS = (
					../xsd/cxx,
					../boinc,
					../boinc/lib,
					../boinc/api,
					include,
					xsdcxx,
				);
				LIBRARY_SEARCH_PATHS = lib;
				PREBINDING = NO;
				SDKROOT = "$(DEVELOPER_SDK_DIR)/MacOSX10.5.sdk";
			};
			name = Debug;
		};
		1DEB923708733DC60010E9CD /* Release */ = {
			isa = XCBuildConfiguration;
			buildSettings = {
				ARCHS = (
					ppc,
					i386,
				);
				GCC_WARN_ABOUT_RETURN_TYPE = YES;
				GCC_WARN_UNUSED_VARIABLE = YES;
				HEADER_SEARCH_PATHS = (
					../xsd/cxx,
					../boinc,
					../boinc/lib,
					../boinc/api,
					include,
					xsdcxx,
				);
				LIBRARY_SEARCH_PATHS = lib;
				PREBINDING = NO;
				SDKROOT = "$(DEVELOPER_SDK_DIR)/MacOSX10.5.sdk";
			};
			name = Release;
		};
/* End XCBuildConfiguration section */

/* Begin XCConfigurationList section */
		1DEB923108733DC60010E9CD /* Build configuration list for PBXNativeTarget "openmalaria" */ = {
			isa = XCConfigurationList;
			buildConfigurations = (
				1DEB923208733DC60010E9CD /* Debug */,
				1DEB923308733DC60010E9CD /* Release */,
			);
			defaultConfigurationIsVisible = 0;
			defaultConfigurationName = Release;
		};
		1DEB923508733DC60010E9CD /* Build configuration list for PBXProject "openmalaria" */ = {
			isa = XCConfigurationList;
			buildConfigurations = (
				1DEB923608733DC60010E9CD /* Debug */,
				1DEB923708733DC60010E9CD /* Release */,
			);
			defaultConfigurationIsVisible = 0;
			defaultConfigurationName = Release;
		};
/* End XCConfigurationList section */
	};
	rootObject = 08FB7793FE84155DC02AAC07 /* Project object */;
}
